
Microsoft Visual Studio Solution File, Format Version 12.00
# Visual Studio Version 16
VisualStudioVersion = 16.0.31702.278
MinimumVisualStudioVersion = 10.0.40219.1
Project("{8BC9CEB8-8B4A-11D0-8D11-00A0C91BC942}") = "PraktikStrukturKondisi", "PraktikStrukturKondisi.vcxproj", "{46C3B482-7B1C-4426-9957-AD0988CDC094}"
EndProject
Global
	GlobalSection(SolutionConfigurationPlatforms) = preSolution
		Debug|x64 = Debug|x64
		Debug|x86 = Debug|x86
		Release|x64 = Release|x64
		Release|x86 = Release|x86
	EndGlobalSection
	GlobalSection(ProjectConfigurationPlatforms) = postSolution
		{46C3B482-7B1C-4426-9957-AD0988CDC094}.Debug|x64.ActiveCfg = Debug|x64
		{46C3B482-7B1C-4426-9957-AD0988CDC094}.Debug|x64.Build.0 = Debug|x64
		{46C3B482-7B1C-4426-9957-AD0988CDC094}.Debug|x86.ActiveCfg = Debug|Win32
		{46C3B482-7B1C-4426-9957-AD0988CDC094}.Debug|x86.Build.0 = Debug|Win32
		{46C3B482-7B1C-4426-9957-AD0988CDC094}.Release|x64.ActiveCfg = Release|x64
		{46C3B482-7B1C-4426-9957-AD0988CDC094}.Release|x64.Build.0 = Release|x64
		{46C3B482-7B1C-4426-9957-AD0988CDC094}.Release|x86.ActiveCfg = Release|Win32
		{46C3B482-7B1C-4426-9957-AD0988CDC094}.Release|x86.Build.0 = Release|Win32
	EndGlobalSection
	GlobalSection(SolutionProperties) = preSolution
		HideSolutionNode = FALSE
	EndGlobalSection
	GlobalSection(ExtensibilityGlobals) = postSolution
		SolutionGuid = {FBF91AC7-27E1-45F0-9974-9057DCED479E}
	EndGlobalSection
EndGlobal
